
Microsoft Visual Studio Solution File, Format Version 12.00
# Visual Studio Version 16
VisualStudioVersion = 16.0.28803.202
MinimumVisualStudioVersion = 10.0.40219.1
Project("{FAE04EC0-301F-11D3-BF4B-00C04F79EFBC}") = "TripCalculator", "TripCalculator\TripCalculator.csproj", "{40A13A3D-50F6-434C-8E9A-61DAC6E9AB10}"
EndProject
Global
	GlobalSection(SolutionConfigurationPlatforms) = preSolution
		Debug|Any CPU = Debug|Any CPU
		Release|Any CPU = Release|Any CPU
	EndGlobalSection
	GlobalSection(ProjectConfigurationPlatforms) = postSolution
		{40A13A3D-50F6-434C-8E9A-61DAC6E9AB10}.Debug|Any CPU.ActiveCfg = Debug|Any CPU
		{40A13A3D-50F6-434C-8E9A-61DAC6E9AB10}.Debug|Any CPU.Build.0 = Debug|Any CPU
		{40A13A3D-50F6-434C-8E9A-61DAC6E9AB10}.Release|Any CPU.ActiveCfg = Release|Any CPU
		{40A13A3D-50F6-434C-8E9A-61DAC6E9AB10}.Release|Any CPU.Build.0 = Release|Any CPU
	EndGlobalSection
	GlobalSection(SolutionProperties) = preSolution
		HideSolutionNode = FALSE
	EndGlobalSection
	GlobalSection(ExtensibilityGlobals) = postSolution
		SolutionGuid = {ADAC3EA4-5D40-476E-97A8-32FAB7DEFC72}
	EndGlobalSection
EndGlobal
